
Microsoft Visual Studio Solution File, Format Version 12.00
# Visual Studio Version 17
VisualStudioVersion = 17.8.34511.84
MinimumVisualStudioVersion = 10.0.40219.1
Project("{9A19103F-16F7-4668-BE54-9A1E7A4F7556}") = "Weather monitoring station", "Weather monitoring station.csproj", "{81B02854-496E-48DD-8492-42FE618B0130}"
EndProject
Project("{FAE04EC0-301F-11D3-BF4B-00C04F79EFBC}") = "WeatherMonitoringClassLib", "..\WeatherMonitoringClassLib\WeatherMonitoringClassLib.csproj", "{07B209B8-8923-4C25-A021-62C1098982A7}"
EndProject
Global
	GlobalSection(SolutionConfigurationPlatforms) = preSolution
		Debug|Any CPU = Debug|Any CPU
		Release|Any CPU = Release|Any CPU
	EndGlobalSection
	GlobalSection(ProjectConfigurationPlatforms) = postSolution
		{81B02854-496E-48DD-8492-42FE618B0130}.Debug|Any CPU.ActiveCfg = Debug|Any CPU
		{81B02854-496E-48DD-8492-42FE618B0130}.Debug|Any CPU.Build.0 = Debug|Any CPU
		{81B02854-496E-48DD-8492-42FE618B0130}.Release|Any CPU.ActiveCfg = Release|Any CPU
		{81B02854-496E-48DD-8492-42FE618B0130}.Release|Any CPU.Build.0 = Release|Any CPU
		{07B209B8-8923-4C25-A021-62C1098982A7}.Debug|Any CPU.ActiveCfg = Debug|Any CPU
		{07B209B8-8923-4C25-A021-62C1098982A7}.Debug|Any CPU.Build.0 = Debug|Any CPU
		{07B209B8-8923-4C25-A021-62C1098982A7}.Release|Any CPU.ActiveCfg = Release|Any CPU
		{07B209B8-8923-4C25-A021-62C1098982A7}.Release|Any CPU.Build.0 = Release|Any CPU
	EndGlobalSection
	GlobalSection(SolutionProperties) = preSolution
		HideSolutionNode = FALSE
	EndGlobalSection
	GlobalSection(ExtensibilityGlobals) = postSolution
		SolutionGuid = {FF2F3511-771D-4355-B038-F459B7C1723D}
	EndGlobalSection
EndGlobal
